
Microsoft Visual Studio Solution File, Format Version 12.00
# Visual Studio Version 17
VisualStudioVersion = 17.8.34316.72
MinimumVisualStudioVersion = 10.0.40219.1
Project("{8BC9CEB8-8B4A-11D0-8D11-00A0C91BC942}") = "First VSM - LED", "First VSM - LED.vcxproj", "{5C82FB82-F51E-4F70-B9C6-39505B20B540}"
EndProject
Global
	GlobalSection(SolutionConfigurationPlatforms) = preSolution
		Debug|x64 = Debug|x64
		Debug|x86 = Debug|x86
		Release|x64 = Release|x64
		Release|x86 = Release|x86
	EndGlobalSection
	GlobalSection(ProjectConfigurationPlatforms) = postSolution
		{5C82FB82-F51E-4F70-B9C6-39505B20B540}.Debug|x64.ActiveCfg = Debug|x64
		{5C82FB82-F51E-4F70-B9C6-39505B20B540}.Debug|x64.Build.0 = Debug|x64
		{5C82FB82-F51E-4F70-B9C6-39505B20B540}.Debug|x86.ActiveCfg = Debug|Win32
		{5C82FB82-F51E-4F70-B9C6-39505B20B540}.Debug|x86.Build.0 = Debug|Win32
		{5C82FB82-F51E-4F70-B9C6-39505B20B540}.Release|x64.ActiveCfg = Release|x64
		{5C82FB82-F51E-4F70-B9C6-39505B20B540}.Release|x64.Build.0 = Release|x64
		{5C82FB82-F51E-4F70-B9C6-39505B20B540}.Release|x86.ActiveCfg = Release|Win32
		{5C82FB82-F51E-4F70-B9C6-39505B20B540}.Release|x86.Build.0 = Release|Win32
	EndGlobalSection
	GlobalSection(SolutionProperties) = preSolution
		HideSolutionNode = FALSE
	EndGlobalSection
	GlobalSection(ExtensibilityGlobals) = postSolution
		SolutionGuid = {991FD9B1-C918-491D-91B1-CE342362C273}
	EndGlobalSection
EndGlobal
